
Microsoft Visual Studio Solution File, Format Version 12.00
# Visual Studio Version 16
VisualStudioVersion = 16.0.31911.196
MinimumVisualStudioVersion = 10.0.40219.1
Project("{FAE04EC0-301F-11D3-BF4B-00C04F79EFBC}") = "Pokemon", "Pokemon\Pokemon.csproj", "{FDA7F645-076D-463E-8D42-7ECA5ED82F15}"
EndProject
Global
	GlobalSection(SolutionConfigurationPlatforms) = preSolution
		Debug|Any CPU = Debug|Any CPU
		Release|Any CPU = Release|Any CPU
	EndGlobalSection
	GlobalSection(ProjectConfigurationPlatforms) = postSolution
		{FDA7F645-076D-463E-8D42-7ECA5ED82F15}.Debug|Any CPU.ActiveCfg = Debug|Any CPU
		{FDA7F645-076D-463E-8D42-7ECA5ED82F15}.Debug|Any CPU.Build.0 = Debug|Any CPU
		{FDA7F645-076D-463E-8D42-7ECA5ED82F15}.Release|Any CPU.ActiveCfg = Release|Any CPU
		{FDA7F645-076D-463E-8D42-7ECA5ED82F15}.Release|Any CPU.Build.0 = Release|Any CPU
	EndGlobalSection
	GlobalSection(SolutionProperties) = preSolution
		HideSolutionNode = FALSE
	EndGlobalSection
	GlobalSection(ExtensibilityGlobals) = postSolution
		SolutionGuid = {DEC4D55C-AB67-4073-9F33-6CEC677A0809}
	EndGlobalSection
EndGlobal
